
Microsoft Visual Studio Solution File, Format Version 12.00
Project("{FAE04EC0-301F-11D3-BF4B-00C04F79EFBC}") = "IVT_podminovaci_prikazy", "IVT_podminovaci_prikazy\IVT_podminovaci_prikazy.csproj", "{8AD5173B-5562-4404-A53F-BC5F85798617}"
EndProject
Global
	GlobalSection(SolutionConfigurationPlatforms) = preSolution
		Debug|Any CPU = Debug|Any CPU
		Release|Any CPU = Release|Any CPU
	EndGlobalSection
	GlobalSection(ProjectConfigurationPlatforms) = postSolution
		{8AD5173B-5562-4404-A53F-BC5F85798617}.Debug|Any CPU.ActiveCfg = Debug|Any CPU
		{8AD5173B-5562-4404-A53F-BC5F85798617}.Debug|Any CPU.Build.0 = Debug|Any CPU
		{8AD5173B-5562-4404-A53F-BC5F85798617}.Release|Any CPU.ActiveCfg = Release|Any CPU
		{8AD5173B-5562-4404-A53F-BC5F85798617}.Release|Any CPU.Build.0 = Release|Any CPU
	EndGlobalSection
EndGlobal
